
Microsoft Visual Studio Solution File, Format Version 12.00
# Visual Studio Version 16
VisualStudioVersion = 16.0.29613.14
MinimumVisualStudioVersion = 10.0.40219.1
Project("{FAE04EC0-301F-11D3-BF4B-00C04F79EFBC}") = "DES", "DES\DES.csproj", "{2E1A6649-8B2C-4157-A999-B7E1595F135D}"
EndProject
Global
	GlobalSection(SolutionConfigurationPlatforms) = preSolution
		Debug|Any CPU = Debug|Any CPU
		Release|Any CPU = Release|Any CPU
	EndGlobalSection
	GlobalSection(ProjectConfigurationPlatforms) = postSolution
		{2E1A6649-8B2C-4157-A999-B7E1595F135D}.Debug|Any CPU.ActiveCfg = Debug|Any CPU
		{2E1A6649-8B2C-4157-A999-B7E1595F135D}.Debug|Any CPU.Build.0 = Debug|Any CPU
		{2E1A6649-8B2C-4157-A999-B7E1595F135D}.Release|Any CPU.ActiveCfg = Release|Any CPU
		{2E1A6649-8B2C-4157-A999-B7E1595F135D}.Release|Any CPU.Build.0 = Release|Any CPU
	EndGlobalSection
	GlobalSection(SolutionProperties) = preSolution
		HideSolutionNode = FALSE
	EndGlobalSection
	GlobalSection(ExtensibilityGlobals) = postSolution
		SolutionGuid = {6EE756AE-C10D-4E24-B6E4-6CF93059D600}
	EndGlobalSection
EndGlobal
